
Microsoft Visual Studio Solution File, Format Version 12.00
# Visual Studio 2012
Project("{FAE04EC0-301F-11D3-BF4B-00C04F79EFBC}") = "BTTONGHIEU", "BTTONGHIEU\BTTONGHIEU.csproj", "{D38F42C9-E830-4E6E-A821-1CF13554403E}"
EndProject
Global
	GlobalSection(SolutionConfigurationPlatforms) = preSolution
		Debug|Any CPU = Debug|Any CPU
		Release|Any CPU = Release|Any CPU
	EndGlobalSection
	GlobalSection(ProjectConfigurationPlatforms) = postSolution
		{D38F42C9-E830-4E6E-A821-1CF13554403E}.Debug|Any CPU.ActiveCfg = Debug|Any CPU
		{D38F42C9-E830-4E6E-A821-1CF13554403E}.Debug|Any CPU.Build.0 = Debug|Any CPU
		{D38F42C9-E830-4E6E-A821-1CF13554403E}.Release|Any CPU.ActiveCfg = Release|Any CPU
		{D38F42C9-E830-4E6E-A821-1CF13554403E}.Release|Any CPU.Build.0 = Release|Any CPU
	EndGlobalSection
	GlobalSection(SolutionProperties) = preSolution
		HideSolutionNode = FALSE
	EndGlobalSection
EndGlobal
